# THIS IS AN AUTOGENERATED FILE. DO NOT EDIT THIS FILE DIRECTLY.
# yarn lockfile v1


leaflet-webatlastile@2.1.0:
  version "2.1.0"
  resolved "https://registry.yarnpkg.com/leaflet-webatlastile/-/leaflet-webatlastile-2.1.0.tgz#13aa3f064056c9d35e452cfa4db7b49ce53fa410"
  integrity sha512-hktbYuffive1RU+TrHqQdd1C9yU3qMr96LwEeXiNdCfzQKtcc72ehDE4n49ugz9qAt50lUv58HEEbwOxCiQa5Q==
  dependencies:
    leaflet "^1.7.1"

leaflet@^1.7.1:
  version "1.7.1"
  resolved "https://registry.yarnpkg.com/leaflet/-/leaflet-1.7.1.tgz#10d684916edfe1bf41d688a3b97127c0322a2a19"
  integrity sha512-/xwPEBidtg69Q3HlqPdU3DnrXQOvQU/CCHA1tcDQVzOwm91YMYaILjNp7L4Eaw5Z4sOYdbBz6koWyibppd8Zqw==
